{
  "version": 4,
  "terraform_version": "0.12.20",
  "serial": 197,
  "lineage": "888e2039-65a5-309f-833d-f9841f18fb8d",
  "outputs": {},
  "resources": [
    {
      "mode": "data",
      "type": "aws_region",
      "name": "current",
      "provider": "provider.aws",
      "instances": [
        {
          "schema_version": 0,
          "attributes": {
            "current": null,
            "description": "EU (Stockholm)",
            "endpoint": "ec2.eu-north-1.amazonaws.com",
            "id": "eu-north-1",
            "name": "eu-north-1"
          }
        }
      ]
    },
    {
      "mode": "managed",
      "type": "aws_instance",
      "name": "instans",
      "each": "list",
      "provider": "provider.aws",
      "instances": [
        {
          "index_key": 0,
          "schema_version": 1,
          "attributes": {
            "ami": "ami-01d965b90792d9bf7",
            "arn": "arn:aws:ec2:eu-north-1:748655345117:instance/i-00ef9fb6260591194",
            "associate_public_ip_address": true,
            "availability_zone": "eu-north-1a",
            "cpu_core_count": null,
            "cpu_threads_per_core": null,
            "credit_specification": [
              {
                "cpu_credits": "unlimited"
              }
            ],
            "disable_api_termination": false,
            "ebs_block_device": [],
            "ebs_optimized": false,
            "ephemeral_block_device": [],
            "get_password_data": false,
            "host_id": null,
            "iam_instance_profile": "",
            "id": "i-00ef9fb6260591194",
            "instance_initiated_shutdown_behavior": null,
            "instance_state": "running",
            "instance_type": "t3.small",
            "ipv6_address_count": 0,
            "ipv6_addresses": [],
            "key_name": "mattias-public-key",
            "monitoring": false,
            "network_interface": [],
            "network_interface_id": null,
            "password_data": "",
            "placement_group": "",
            "primary_network_interface_id": "eni-080839e3b8f1e99cb",
            "private_dns": "ip-10-0-1-111.eu-north-1.compute.internal",
            "private_ip": "10.0.1.111",
            "public_dns": "ec2-13-48-26-252.eu-north-1.compute.amazonaws.com",
            "public_ip": "13.48.26.252",
            "root_block_device": [
              {
                "delete_on_termination": true,
                "encrypted": false,
                "iops": 100,
                "kms_key_id": "",
                "volume_id": "vol-0f5c5a7e47252e05c",
                "volume_size": 8,
                "volume_type": "gp2"
              }
            ],
            "security_groups": [],
            "source_dest_check": true,
            "subnet_id": "subnet-0b8b66e0b34123e44",
            "tags": {
              "Maintainer": "Mattias",
              "Name": "Mattias 0",
              "Service": "Hello"
            },
            "tenancy": "default",
            "timeouts": null,
            "user_data": null,
            "user_data_base64": null,
            "volume_tags": {},
            "vpc_security_group_ids": [
              "sg-038be17ddfd61d16d"
            ]
          },
          "private": "eyJlMmJmYjczMC1lY2FhLTExZTYtOGY4OC0zNDM2M2JjN2M0YzAiOnsiY3JlYXRlIjo2MDAwMDAwMDAwMDAsImRlbGV0ZSI6MTIwMDAwMDAwMDAwMCwidXBkYXRlIjo2MDAwMDAwMDAwMDB9LCJzY2hlbWFfdmVyc2lvbiI6IjEifQ==",
          "dependencies": [
            "aws_key_pair.mattias",
            "aws_security_group.allow_ssh_http",
            "aws_subnet.cool_subnet",
            "aws_subnet.main_subnet",
            "aws_vpc.main"
          ]
        },
        {
          "index_key": 1,
          "schema_version": 1,
          "attributes": {
            "ami": "ami-01d965b90792d9bf7",
            "arn": "arn:aws:ec2:eu-north-1:748655345117:instance/i-0a029edb8f4681fea",
            "associate_public_ip_address": true,
            "availability_zone": "eu-north-1b",
            "cpu_core_count": null,
            "cpu_threads_per_core": null,
            "credit_specification": [
              {
                "cpu_credits": "unlimited"
              }
            ],
            "disable_api_termination": false,
            "ebs_block_device": [],
            "ebs_optimized": false,
            "ephemeral_block_device": [],
            "get_password_data": false,
            "host_id": null,
            "iam_instance_profile": "",
            "id": "i-0a029edb8f4681fea",
            "instance_initiated_shutdown_behavior": null,
            "instance_state": "running",
            "instance_type": "t3.small",
            "ipv6_address_count": 0,
            "ipv6_addresses": [],
            "key_name": "mattias-public-key",
            "monitoring": false,
            "network_interface": [],
            "network_interface_id": null,
            "password_data": "",
            "placement_group": "",
            "primary_network_interface_id": "eni-0387ed571e473acc2",
            "private_dns": "ip-10-0-2-180.eu-north-1.compute.internal",
            "private_ip": "10.0.2.180",
            "public_dns": "ec2-13-53-130-108.eu-north-1.compute.amazonaws.com",
            "public_ip": "13.53.130.108",
            "root_block_device": [
              {
                "delete_on_termination": true,
                "encrypted": false,
                "iops": 100,
                "kms_key_id": "",
                "volume_id": "vol-00cbb1dab8ccc0024",
                "volume_size": 8,
                "volume_type": "gp2"
              }
            ],
            "security_groups": [],
            "source_dest_check": true,
            "subnet_id": "subnet-0f8b119468322363c",
            "tags": {
              "Maintainer": "Mattias",
              "Name": "Mattias 1",
              "Service": "Hello"
            },
            "tenancy": "default",
            "timeouts": null,
            "user_data": null,
            "user_data_base64": null,
            "volume_tags": {},
            "vpc_security_group_ids": [
              "sg-038be17ddfd61d16d"
            ]
          },
          "private": "eyJlMmJmYjczMC1lY2FhLTExZTYtOGY4OC0zNDM2M2JjN2M0YzAiOnsiY3JlYXRlIjo2MDAwMDAwMDAwMDAsImRlbGV0ZSI6MTIwMDAwMDAwMDAwMCwidXBkYXRlIjo2MDAwMDAwMDAwMDB9LCJzY2hlbWFfdmVyc2lvbiI6IjEifQ==",
          "dependencies": [
            "aws_key_pair.mattias",
            "aws_security_group.allow_ssh_http",
            "aws_subnet.cool_subnet",
            "aws_subnet.main_subnet",
            "aws_vpc.main"
          ]
        }
      ]
    },
    {
      "mode": "managed",
      "type": "aws_internet_gateway",
      "name": "igw",
      "provider": "provider.aws",
      "instances": [
        {
          "schema_version": 0,
          "attributes": {
            "id": "igw-02d88a90e9710ffc6",
            "owner_id": "748655345117",
            "tags": {
              "Maintainer": "Mattias",
              "Name": "Mattias",
              "Service": "Hello"
            },
            "vpc_id": "vpc-024d871e2bb11362b"
          },
          "private": "bnVsbA==",
          "dependencies": [
            "aws_vpc.main"
          ]
        }
      ]
    },
    {
      "mode": "managed",
      "type": "aws_key_pair",
      "name": "mattias",
      "provider": "provider.aws",
      "instances": [
        {
          "schema_version": 1,
          "attributes": {
            "fingerprint": "ec:53:e7:fe:e6:08:62:01:f8:72:59:2e:0d:e0:1b:56",
            "id": "mattias-public-key",
            "key_name": "mattias-public-key",
            "key_name_prefix": null,
            "key_pair_id": "key-0aa4b4c9427a9d042",
            "public_key": "ssh-rsa AAAAB3NzaC1yc2EAAAADAQABAAABAQCyiSB9pScYyZmOJz/CQw5g4t4IHqY/XohQuzg/mWgPRgw8oBaV/AtLJ/Zk3uGhu4QJewS5S/QV9rmrLnt16w4t5Ow6jCrbK+MmuPQGDnXcNOn1WNm0vEj2sKXFZjsudwQqLxF7z/3RFebWXPkMe0gwcPJUwOjYBJUVyGIGljGWfibOSRXw4N9GS9Mq9Kvwj7H2j4WbBZROygjh74yLBTqKpjPdc3uWO5h29cnb3cr2830BTadM18SveqeBKB2obUqeIbkjD78KARJwnyuAFf1wXYh+aYj7O2wTlj6+h31Rz8iycZSzhs6lrtbrf8B4yxilw3iOqRQKH+q9sb0Gw7YJ mattias@mattias-XPS-13-9380",
            "tags": {}
          },
          "private": "eyJzY2hlbWFfdmVyc2lvbiI6IjEifQ=="
        }
      ]
    },
    {
      "mode": "managed",
      "type": "aws_lb",
      "name": "cool_lb",
      "provider": "provider.aws",
      "instances": [
        {
          "schema_version": 0,
          "attributes": {
            "access_logs": [
              {
                "bucket": "",
                "enabled": false,
                "prefix": ""
              }
            ],
            "arn": "arn:aws:elasticloadbalancing:eu-north-1:748655345117:loadbalancer/app/cool-lb-tf/0805d230e16feb52",
            "arn_suffix": "app/cool-lb-tf/0805d230e16feb52",
            "dns_name": "cool-lb-tf-2041917009.eu-north-1.elb.amazonaws.com",
            "enable_cross_zone_load_balancing": null,
            "enable_deletion_protection": false,
            "enable_http2": true,
            "id": "arn:aws:elasticloadbalancing:eu-north-1:748655345117:loadbalancer/app/cool-lb-tf/0805d230e16feb52",
            "idle_timeout": 60,
            "internal": false,
            "ip_address_type": "ipv4",
            "load_balancer_type": "application",
            "name": "cool-lb-tf",
            "name_prefix": null,
            "security_groups": [
              "sg-038be17ddfd61d16d"
            ],
            "subnet_mapping": [
              {
                "allocation_id": "",
                "subnet_id": "subnet-0b8b66e0b34123e44"
              },
              {
                "allocation_id": "",
                "subnet_id": "subnet-0f8b119468322363c"
              }
            ],
            "subnets": [
              "subnet-0b8b66e0b34123e44",
              "subnet-0f8b119468322363c"
            ],
            "tags": {
              "Maintainer": "Mattias",
              "Name": "Mattias",
              "Service": "Hello"
            },
            "timeouts": null,
            "vpc_id": "vpc-024d871e2bb11362b",
            "zone_id": "Z23TAZ6LKFMNIO"
          },
          "private": "eyJlMmJmYjczMC1lY2FhLTExZTYtOGY4OC0zNDM2M2JjN2M0YzAiOnsiY3JlYXRlIjo2MDAwMDAwMDAwMDAsImRlbGV0ZSI6NjAwMDAwMDAwMDAwLCJ1cGRhdGUiOjYwMDAwMDAwMDAwMH19",
          "dependencies": [
            "aws_security_group.allow_ssh_http",
            "aws_subnet.cool_subnet",
            "aws_subnet.main_subnet",
            "aws_vpc.main"
          ]
        }
      ]
    },
    {
      "mode": "managed",
      "type": "aws_lb_target_group",
      "name": "cool_tg",
      "provider": "provider.aws",
      "instances": [
        {
          "schema_version": 0,
          "attributes": {
            "arn": "arn:aws:elasticloadbalancing:eu-north-1:748655345117:targetgroup/cool-lb-tg-tf/0c9befeb57b82dd3",
            "arn_suffix": "targetgroup/cool-lb-tg-tf/0c9befeb57b82dd3",
            "deregistration_delay": 300,
            "health_check": [
              {
                "enabled": true,
                "healthy_threshold": 3,
                "interval": 30,
                "matcher": "",
                "path": "",
                "port": "traffic-port",
                "protocol": "TCP",
                "timeout": 10,
                "unhealthy_threshold": 3
              }
            ],
            "id": "arn:aws:elasticloadbalancing:eu-north-1:748655345117:targetgroup/cool-lb-tg-tf/0c9befeb57b82dd3",
            "lambda_multi_value_headers_enabled": false,
            "name": "cool-lb-tg-tf",
            "name_prefix": null,
            "port": 22,
            "protocol": "TCP",
            "proxy_protocol_v2": false,
            "slow_start": 0,
            "stickiness": [],
            "tags": {},
            "target_type": "instance",
            "vpc_id": "vpc-024d871e2bb11362b"
          },
          "private": "bnVsbA==",
          "dependencies": [
            "aws_vpc.main"
          ]
        }
      ]
    },
    {
      "mode": "managed",
      "type": "aws_lb_target_group_attachment",
      "name": "test",
      "each": "list",
      "provider": "provider.aws",
      "instances": [
        {
          "index_key": 0,
          "schema_version": 0,
          "attributes": {
            "availability_zone": null,
            "id": "arn:aws:elasticloadbalancing:eu-north-1:748655345117:targetgroup/cool-lb-tg-tf/0c9befeb57b82dd3-20200206123450594000000001",
            "port": 22,
            "target_group_arn": "arn:aws:elasticloadbalancing:eu-north-1:748655345117:targetgroup/cool-lb-tg-tf/0c9befeb57b82dd3",
            "target_id": "i-00ef9fb6260591194"
          },
          "private": "bnVsbA==",
          "dependencies": [
            "aws_instance.instans",
            "aws_key_pair.mattias",
            "aws_lb_target_group.cool_tg",
            "aws_security_group.allow_ssh_http",
            "aws_subnet.cool_subnet",
            "aws_subnet.main_subnet",
            "aws_vpc.main"
          ]
        },
        {
          "index_key": 1,
          "schema_version": 0,
          "attributes": {
            "availability_zone": null,
            "id": "arn:aws:elasticloadbalancing:eu-north-1:748655345117:targetgroup/cool-lb-tg-tf/0c9befeb57b82dd3-20200206123125681600000001",
            "port": 22,
            "target_group_arn": "arn:aws:elasticloadbalancing:eu-north-1:748655345117:targetgroup/cool-lb-tg-tf/0c9befeb57b82dd3",
            "target_id": "i-0a029edb8f4681fea"
          },
          "private": "bnVsbA==",
          "dependencies": [
            "aws_instance.instans",
            "aws_key_pair.mattias",
            "aws_lb_target_group.cool_tg",
            "aws_security_group.allow_ssh_http",
            "aws_subnet.cool_subnet",
            "aws_subnet.main_subnet",
            "aws_vpc.main"
          ]
        }
      ]
    },
    {
      "mode": "managed",
      "type": "aws_route_table",
      "name": "main",
      "provider": "provider.aws",
      "instances": [
        {
          "schema_version": 0,
          "attributes": {
            "id": "rtb-0d9bdacd935fab179",
            "owner_id": "748655345117",
            "propagating_vgws": [],
            "route": [
              {
                "cidr_block": "0.0.0.0/0",
                "egress_only_gateway_id": "",
                "gateway_id": "igw-02d88a90e9710ffc6",
                "instance_id": "",
                "ipv6_cidr_block": "",
                "nat_gateway_id": "",
                "network_interface_id": "",
                "transit_gateway_id": "",
                "vpc_peering_connection_id": ""
              }
            ],
            "tags": {
              "Maintainer": "Mattias",
              "Name": "Mattias",
              "Service": "Hello"
            },
            "vpc_id": "vpc-024d871e2bb11362b"
          },
          "private": "bnVsbA==",
          "dependencies": [
            "aws_internet_gateway.igw",
            "aws_vpc.main"
          ]
        }
      ]
    },
    {
      "mode": "managed",
      "type": "aws_route_table_association",
      "name": "route-tbl-link1",
      "provider": "provider.aws",
      "instances": [
        {
          "schema_version": 0,
          "attributes": {
            "gateway_id": null,
            "id": "rtbassoc-0bd0d1bf037775f9d",
            "route_table_id": "rtb-0d9bdacd935fab179",
            "subnet_id": "subnet-0b8b66e0b34123e44"
          },
          "private": "bnVsbA==",
          "dependencies": [
            "aws_route_table.main",
            "aws_subnet.main_subnet",
            "aws_vpc.main"
          ]
        }
      ]
    },
    {
      "mode": "managed",
      "type": "aws_security_group",
      "name": "allow_ssh_http",
      "provider": "provider.aws",
      "instances": [
        {
          "schema_version": 1,
          "attributes": {
            "arn": "arn:aws:ec2:eu-north-1:748655345117:security-group/sg-038be17ddfd61d16d",
            "description": "Allow SSH and HTTP inbound traffic",
            "egress": [
              {
                "cidr_blocks": [
                  "0.0.0.0/0"
                ],
                "description": "",
                "from_port": 0,
                "ipv6_cidr_blocks": [],
                "prefix_list_ids": [],
                "protocol": "-1",
                "security_groups": [],
                "self": false,
                "to_port": 0
              }
            ],
            "id": "sg-038be17ddfd61d16d",
            "ingress": [
              {
                "cidr_blocks": [
                  "0.0.0.0/0"
                ],
                "description": "",
                "from_port": 22,
                "ipv6_cidr_blocks": [],
                "prefix_list_ids": [],
                "protocol": "tcp",
                "security_groups": [],
                "self": false,
                "to_port": 22
              },
              {
                "cidr_blocks": [
                  "0.0.0.0/0"
                ],
                "description": "",
                "from_port": 443,
                "ipv6_cidr_blocks": [],
                "prefix_list_ids": [],
                "protocol": "tcp",
                "security_groups": [],
                "self": false,
                "to_port": 443
              },
              {
                "cidr_blocks": [
                  "0.0.0.0/0"
                ],
                "description": "",
                "from_port": 80,
                "ipv6_cidr_blocks": [],
                "prefix_list_ids": [],
                "protocol": "tcp",
                "security_groups": [],
                "self": false,
                "to_port": 80
              }
            ],
            "name": "allow_ssh_http",
            "name_prefix": null,
            "owner_id": "748655345117",
            "revoke_rules_on_delete": false,
            "tags": {
              "Maintainer": "Mattias",
              "Name": "Mattias",
              "Service": "Hello"
            },
            "timeouts": null,
            "vpc_id": "vpc-024d871e2bb11362b"
          },
          "private": "eyJlMmJmYjczMC1lY2FhLTExZTYtOGY4OC0zNDM2M2JjN2M0YzAiOnsiY3JlYXRlIjo2MDAwMDAwMDAwMDAsImRlbGV0ZSI6NjAwMDAwMDAwMDAwfSwic2NoZW1hX3ZlcnNpb24iOiIxIn0=",
          "dependencies": [
            "aws_vpc.main"
          ]
        }
      ]
    },
    {
      "mode": "managed",
      "type": "aws_subnet",
      "name": "cool_subnet",
      "provider": "provider.aws",
      "instances": [
        {
          "schema_version": 1,
          "attributes": {
            "arn": "arn:aws:ec2:eu-north-1:748655345117:subnet/subnet-0f8b119468322363c",
            "assign_ipv6_address_on_creation": false,
            "availability_zone": "eu-north-1b",
            "availability_zone_id": "eun1-az2",
            "cidr_block": "10.0.2.0/24",
            "id": "subnet-0f8b119468322363c",
            "ipv6_cidr_block": "",
            "ipv6_cidr_block_association_id": "",
            "map_public_ip_on_launch": true,
            "owner_id": "748655345117",
            "tags": {
              "Maintainer": "Mattias",
              "Name": "Mattias",
              "Service": "Hello"
            },
            "timeouts": null,
            "vpc_id": "vpc-024d871e2bb11362b"
          },
          "private": "eyJlMmJmYjczMC1lY2FhLTExZTYtOGY4OC0zNDM2M2JjN2M0YzAiOnsiY3JlYXRlIjo2MDAwMDAwMDAwMDAsImRlbGV0ZSI6MTIwMDAwMDAwMDAwMH0sInNjaGVtYV92ZXJzaW9uIjoiMSJ9",
          "dependencies": [
            "aws_vpc.main"
          ]
        }
      ]
    },
    {
      "mode": "managed",
      "type": "aws_subnet",
      "name": "main_subnet",
      "provider": "provider.aws",
      "instances": [
        {
          "schema_version": 1,
          "attributes": {
            "arn": "arn:aws:ec2:eu-north-1:748655345117:subnet/subnet-0b8b66e0b34123e44",
            "assign_ipv6_address_on_creation": false,
            "availability_zone": "eu-north-1a",
            "availability_zone_id": "eun1-az1",
            "cidr_block": "10.0.1.0/24",
            "id": "subnet-0b8b66e0b34123e44",
            "ipv6_cidr_block": "",
            "ipv6_cidr_block_association_id": "",
            "map_public_ip_on_launch": true,
            "owner_id": "748655345117",
            "tags": {
              "Maintainer": "Mattias",
              "Name": "Mattias",
              "Service": "Hello"
            },
            "timeouts": null,
            "vpc_id": "vpc-024d871e2bb11362b"
          },
          "private": "eyJlMmJmYjczMC1lY2FhLTExZTYtOGY4OC0zNDM2M2JjN2M0YzAiOnsiY3JlYXRlIjo2MDAwMDAwMDAwMDAsImRlbGV0ZSI6MTIwMDAwMDAwMDAwMH0sInNjaGVtYV92ZXJzaW9uIjoiMSJ9",
          "dependencies": [
            "aws_vpc.main"
          ]
        }
      ]
    },
    {
      "mode": "managed",
      "type": "aws_vpc",
      "name": "main",
      "provider": "provider.aws",
      "instances": [
        {
          "schema_version": 1,
          "attributes": {
            "arn": "arn:aws:ec2:eu-north-1:748655345117:vpc/vpc-024d871e2bb11362b",
            "assign_generated_ipv6_cidr_block": false,
            "cidr_block": "10.0.0.0/16",
            "default_network_acl_id": "acl-09177d2631e5e39b8",
            "default_route_table_id": "rtb-0482a5ff0540fbf45",
            "default_security_group_id": "sg-0ccf3b8be23728b05",
            "dhcp_options_id": "dopt-ed4dba84",
            "enable_classiclink": null,
            "enable_classiclink_dns_support": null,
            "enable_dns_hostnames": true,
            "enable_dns_support": true,
            "id": "vpc-024d871e2bb11362b",
            "instance_tenancy": "default",
            "ipv6_association_id": "",
            "ipv6_cidr_block": "",
            "main_route_table_id": "rtb-0482a5ff0540fbf45",
            "owner_id": "748655345117",
            "tags": {
              "Maintainer": "Mattias",
              "Name": "Mattias",
              "Service": "Hello"
            }
          },
          "private": "eyJzY2hlbWFfdmVyc2lvbiI6IjEifQ=="
        }
      ]
    }
  ]
}
